// !$*UTF8*$!
{
	archiveVersion = 1;
	classes = {
	};
	objectVersion = 51;
	objects = {

/* Begin PBXBuildFile section */
		2DE2C8048DB94B23F25EF8BA /* Pods_Spotify.framework in Frameworks */ = {isa = PBXBuildFile; fileRef = F8D422151CD9F94AE58ED8EA /* Pods_Spotify.framework */; };
		FB07A3362631346E00E8461D /* AlbumViewController.swift in Sources */ = {isa = PBXBuildFile; fileRef = FB07A3352631346E00E8461D /* AlbumViewController.swift */; };
		FB07A34826313C2D00E8461D /* AlbumDetailsResponse.swift in Sources */ = {isa = PBXBuildFile; fileRef = FB07A34726313C2D00E8461D /* AlbumDetailsResponse.swift */; };
		FB07A34C2631450800E8461D /* PlaylistDetailsResponse.swift in Sources */ = {isa = PBXBuildFile; fileRef = FB07A34B2631450800E8461D /* PlaylistDetailsResponse.swift */; };
		FB07A34F2634556900E8461D /* PlaylistHeaderCollectionReusableView.swift in Sources */ = {isa = PBXBuildFile; fileRef = FB07A34E2634556900E8461D /* PlaylistHeaderCollectionReusableView.swift */; };
		FB07A3572634597800E8461D /* PlaylistHeaderViewViewModel.swift in Sources */ = {isa = PBXBuildFile; fileRef = FB07A3562634597800E8461D /* PlaylistHeaderViewViewModel.swift */; };
		FB07A35A2635326D00E8461D /* TitleHeaderCollectionReusableView.swift in Sources */ = {isa = PBXBuildFile; fileRef = FB07A3592635326D00E8461D /* TitleHeaderCollectionReusableView.swift */; };
		FB07A35E26353AAE00E8461D /* AlbumTrackCollectionViewCell.swift in Sources */ = {isa = PBXBuildFile; fileRef = FB07A35D26353AAE00E8461D /* AlbumTrackCollectionViewCell.swift */; };
		FB07A36226353CB100E8461D /* AlbumCollectionViewCellViewModel.swift in Sources */ = {isa = PBXBuildFile; fileRef = FB07A36126353CB100E8461D /* AlbumCollectionViewCellViewModel.swift */; };
		FB306BDA26356A45004203C7 /* GenreCollectionViewCell.swift in Sources */ = {isa = PBXBuildFile; fileRef = FB306BD926356A45004203C7 /* GenreCollectionViewCell.swift */; };
		FB3204AE25F4F2AB000C82A3 /* AppDelegate.swift in Sources */ = {isa = PBXBuildFile; fileRef = FB3204AD25F4F2AB000C82A3 /* AppDelegate.swift */; };
		FB3204B025F4F2AB000C82A3 /* SceneDelegate.swift in Sources */ = {isa = PBXBuildFile; fileRef = FB3204AF25F4F2AB000C82A3 /* SceneDelegate.swift */; };
		FB3204B225F4F2AB000C82A3 /* HomeViewController.swift in Sources */ = {isa = PBXBuildFile; fileRef = FB3204B125F4F2AB000C82A3 /* HomeViewController.swift */; };
		FB3204B725F4F2AC000C82A3 /* Assets.xcassets in Resources */ = {isa = PBXBuildFile; fileRef = FB3204B625F4F2AC000C82A3 /* Assets.xcassets */; };
		FB3204BA25F4F2AC000C82A3 /* LaunchScreen.storyboard in Resources */ = {isa = PBXBuildFile; fileRef = FB3204B825F4F2AC000C82A3 /* LaunchScreen.storyboard */; };
		FB3204CB25F4F91F000C82A3 /* TabBarViewController.swift in Sources */ = {isa = PBXBuildFile; fileRef = FB3204CA25F4F91F000C82A3 /* TabBarViewController.swift */; };
		FB3204CF25F4F963000C82A3 /* SearchViewController.swift in Sources */ = {isa = PBXBuildFile; fileRef = FB3204CE25F4F963000C82A3 /* SearchViewController.swift */; };
		FB3204D225F4F972000C82A3 /* LibraryViewController.swift in Sources */ = {isa = PBXBuildFile; fileRef = FB3204D125F4F972000C82A3 /* LibraryViewController.swift */; };
		FB3204D825F4F9A2000C82A3 /* AuthViewController.swift in Sources */ = {isa = PBXBuildFile; fileRef = FB3204D725F4F9A2000C82A3 /* AuthViewController.swift */; };
		FB3204DC25F4F9B1000C82A3 /* WelcomeViewController.swift in Sources */ = {isa = PBXBuildFile; fileRef = FB3204DB25F4F9B1000C82A3 /* WelcomeViewController.swift */; };
		FB3204DF25F4F9CA000C82A3 /* SettingsViewController.swift in Sources */ = {isa = PBXBuildFile; fileRef = FB3204DE25F4F9CA000C82A3 /* SettingsViewController.swift */; };
		FB3204E225F4F9D4000C82A3 /* ProfileViewController.swift in Sources */ = {isa = PBXBuildFile; fileRef = FB3204E125F4F9D4000C82A3 /* ProfileViewController.swift */; };
		FB3204E525F4F9DF000C82A3 /* PlayerViewController.swift in Sources */ = {isa = PBXBuildFile; fileRef = FB3204E425F4F9DF000C82A3 /* PlayerViewController.swift */; };
		FB3204E825F4F9EE000C82A3 /* PlaylistViewController.swift in Sources */ = {isa = PBXBuildFile; fileRef = FB3204E725F4F9EE000C82A3 /* PlaylistViewController.swift */; };
		FB3204EB25F4FA14000C82A3 /* SearchResultsViewController.swift in Sources */ = {isa = PBXBuildFile; fileRef = FB3204EA25F4FA14000C82A3 /* SearchResultsViewController.swift */; };
		FB3204EF25F4FA3C000C82A3 /* AuthManager.swift in Sources */ = {isa = PBXBuildFile; fileRef = FB3204EE25F4FA3C000C82A3 /* AuthManager.swift */; };
		FB3204F225F4FA4C000C82A3 /* APICaller.swift in Sources */ = {isa = PBXBuildFile; fileRef = FB3204F125F4FA4C000C82A3 /* APICaller.swift */; };
		FB3204F525F4FA5E000C82A3 /* HapticsManager.swift in Sources */ = {isa = PBXBuildFile; fileRef = FB3204F425F4FA5E000C82A3 /* HapticsManager.swift */; };
		FB3204F825F4FA7C000C82A3 /* Playlist.swift in Sources */ = {isa = PBXBuildFile; fileRef = FB3204F725F4FA7C000C82A3 /* Playlist.swift */; };
		FB3204FB25F4FA8C000C82A3 /* AudioTrack.swift in Sources */ = {isa = PBXBuildFile; fileRef = FB3204FA25F4FA8C000C82A3 /* AudioTrack.swift */; };
		FB3204FE25F4FA94000C82A3 /* Artist.swift in Sources */ = {isa = PBXBuildFile; fileRef = FB3204FD25F4FA94000C82A3 /* Artist.swift */; };
		FB32050125F4FAA0000C82A3 /* UserProfile.swift in Sources */ = {isa = PBXBuildFile; fileRef = FB32050025F4FAA0000C82A3 /* UserProfile.swift */; };
		FBD3E03C25FCD0110035BDC1 /* Extensions.swift in Sources */ = {isa = PBXBuildFile; fileRef = FBD3E03B25FCD0110035BDC1 /* Extensions.swift */; };
		FBD3E03F25FDE32E0035BDC1 /* AuthResponse.swift in Sources */ = {isa = PBXBuildFile; fileRef = FBD3E03E25FDE32E0035BDC1 /* AuthResponse.swift */; };
		FBDE02AC262AF095003CA5D4 /* NewReleasesResponse.swift in Sources */ = {isa = PBXBuildFile; fileRef = FBDE02AB262AF095003CA5D4 /* NewReleasesResponse.swift */; };
		FBDE02AF262AF215003CA5D4 /* APIImage.swift in Sources */ = {isa = PBXBuildFile; fileRef = FBDE02AE262AF215003CA5D4 /* APIImage.swift */; };
		FBDE02B3262AF8BF003CA5D4 /* FeaturedPlaylistsResponse.swift in Sources */ = {isa = PBXBuildFile; fileRef = FBDE02B2262AF8BF003CA5D4 /* FeaturedPlaylistsResponse.swift */; };
		FBDE02B6262B0372003CA5D4 /* RecommendedGenresResponse.swift in Sources */ = {isa = PBXBuildFile; fileRef = FBDE02B5262B0372003CA5D4 /* RecommendedGenresResponse.swift */; };
		FBDE02B9262B0816003CA5D4 /* RecommendationsResponse.swift in Sources */ = {isa = PBXBuildFile; fileRef = FBDE02B8262B0816003CA5D4 /* RecommendationsResponse.swift */; };
		FBDE02BD262D8588003CA5D4 /* NewReleaseCollectionViewCell.swift in Sources */ = {isa = PBXBuildFile; fileRef = FBDE02BC262D8588003CA5D4 /* NewReleaseCollectionViewCell.swift */; };
		FBDE02C1262D85C4003CA5D4 /* FeaturedPlaylistCollectionViewCell.swift in Sources */ = {isa = PBXBuildFile; fileRef = FBDE02C0262D85C4003CA5D4 /* FeaturedPlaylistCollectionViewCell.swift */; };
		FBDE02C4262D85EC003CA5D4 /* RecommendedTrackCollectionViewCell.swift in Sources */ = {isa = PBXBuildFile; fileRef = FBDE02C3262D85EC003CA5D4 /* RecommendedTrackCollectionViewCell.swift */; };
		FBDE02C7262DA032003CA5D4 /* NewReleasesCellViewModel.swift in Sources */ = {isa = PBXBuildFile; fileRef = FBDE02C6262DA032003CA5D4 /* NewReleasesCellViewModel.swift */; };
		FBDE02D8262E8BAE003CA5D4 /* FeaturedPlaylistCellViewModel.swift in Sources */ = {isa = PBXBuildFile; fileRef = FBDE02D7262E8BAE003CA5D4 /* FeaturedPlaylistCellViewModel.swift */; };
		FBDE02DB262E8BF4003CA5D4 /* RecommendedTrackCellViewModel.swift in Sources */ = {isa = PBXBuildFile; fileRef = FBDE02DA262E8BF4003CA5D4 /* RecommendedTrackCellViewModel.swift */; };
		FBF099A92619F17100B3E111 /* SettingsModels.swift in Sources */ = {isa = PBXBuildFile; fileRef = FBF099A82619F17100B3E111 /* SettingsModels.swift */; };
/* End PBXBuildFile section */

/* Begin PBXFileReference section */
		007F070BE985454FAE60DDA0 /* Pods-Spotify.debug.xcconfig */ = {isa = PBXFileReference; includeInIndex = 1; lastKnownFileType = text.xcconfig; name = "Pods-Spotify.debug.xcconfig"; path = "Target Support Files/Pods-Spotify/Pods-Spotify.debug.xcconfig"; sourceTree = "<group>"; };
		0F31C9E9E027ABC78583B7B8 /* Pods-Spotify.release.xcconfig */ = {isa = PBXFileReference; includeInIndex = 1; lastKnownFileType = text.xcconfig; name = "Pods-Spotify.release.xcconfig"; path = "Target Support Files/Pods-Spotify/Pods-Spotify.release.xcconfig"; sourceTree = "<group>"; };
		F8D422151CD9F94AE58ED8EA /* Pods_Spotify.framework */ = {isa = PBXFileReference; explicitFileType = wrapper.framework; includeInIndex = 0; path = Pods_Spotify.framework; sourceTree = BUILT_PRODUCTS_DIR; };
		FB07A3352631346E00E8461D /* AlbumViewController.swift */ = {isa = PBXFileReference; lastKnownFileType = sourcecode.swift; path = AlbumViewController.swift; sourceTree = "<group>"; };
		FB07A34726313C2D00E8461D /* AlbumDetailsResponse.swift */ = {isa = PBXFileReference; lastKnownFileType = sourcecode.swift; path = AlbumDetailsResponse.swift; sourceTree = "<group>"; };
		FB07A34B2631450800E8461D /* PlaylistDetailsResponse.swift */ = {isa = PBXFileReference; lastKnownFileType = sourcecode.swift; path = PlaylistDetailsResponse.swift; sourceTree = "<group>"; };
		FB07A34E2634556900E8461D /* PlaylistHeaderCollectionReusableView.swift */ = {isa = PBXFileReference; lastKnownFileType = sourcecode.swift; path = PlaylistHeaderCollectionReusableView.swift; sourceTree = "<group>"; };
		FB07A3562634597800E8461D /* PlaylistHeaderViewViewModel.swift */ = {isa = PBXFileReference; lastKnownFileType = sourcecode.swift; path = PlaylistHeaderViewViewModel.swift; sourceTree = "<group>"; };
		FB07A3592635326D00E8461D /* TitleHeaderCollectionReusableView.swift */ = {isa = PBXFileReference; lastKnownFileType = sourcecode.swift; path = TitleHeaderCollectionReusableView.swift; sourceTree = "<group>"; };
		FB07A35D26353AAE00E8461D /* AlbumTrackCollectionViewCell.swift */ = {isa = PBXFileReference; lastKnownFileType = sourcecode.swift; path = AlbumTrackCollectionViewCell.swift; sourceTree = "<group>"; };
		FB07A36126353CB100E8461D /* AlbumCollectionViewCellViewModel.swift */ = {isa = PBXFileReference; lastKnownFileType = sourcecode.swift; path = AlbumCollectionViewCellViewModel.swift; sourceTree = "<group>"; };
		FB306BD926356A45004203C7 /* GenreCollectionViewCell.swift */ = {isa = PBXFileReference; lastKnownFileType = sourcecode.swift; path = GenreCollectionViewCell.swift; sourceTree = "<group>"; };
		FB3204AA25F4F2AB000C82A3 /* Spotify.app */ = {isa = PBXFileReference; explicitFileType = wrapper.application; includeInIndex = 0; path = Spotify.app; sourceTree = BUILT_PRODUCTS_DIR; };
		FB3204AD25F4F2AB000C82A3 /* AppDelegate.swift */ = {isa = PBXFileReference; lastKnownFileType = sourcecode.swift; path = AppDelegate.swift; sourceTree = "<group>"; };
		FB3204AF25F4F2AB000C82A3 /* SceneDelegate.swift */ = {isa = PBXFileReference; lastKnownFileType = sourcecode.swift; path = SceneDelegate.swift; sourceTree = "<group>"; };
		FB3204B125F4F2AB000C82A3 /* HomeViewController.swift */ = {isa = PBXFileReference; lastKnownFileType = sourcecode.swift; path = HomeViewController.swift; sourceTree = "<group>"; };
		FB3204B625F4F2AC000C82A3 /* Assets.xcassets */ = {isa = PBXFileReference; lastKnownFileType = folder.assetcatalog; path = Assets.xcassets; sourceTree = "<group>"; };
		FB3204B925F4F2AC000C82A3 /* Base */ = {isa = PBXFileReference; lastKnownFileType = file.storyboard; name = Base; path = Base.lproj/LaunchScreen.storyboard; sourceTree = "<group>"; };
		FB3204BB25F4F2AC000C82A3 /* Info.plist */ = {isa = PBXFileReference; lastKnownFileType = text.plist.xml; path = Info.plist; sourceTree = "<group>"; };
		FB3204CA25F4F91F000C82A3 /* TabBarViewController.swift */ = {isa = PBXFileReference; lastKnownFileType = sourcecode.swift; path = TabBarViewController.swift; sourceTree = "<group>"; };
		FB3204CE25F4F963000C82A3 /* SearchViewController.swift */ = {isa = PBXFileReference; lastKnownFileType = sourcecode.swift; path = SearchViewController.swift; sourceTree = "<group>"; };
		FB3204D125F4F972000C82A3 /* LibraryViewController.swift */ = {isa = PBXFileReference; lastKnownFileType = sourcecode.swift; path = LibraryViewController.swift; sourceTree = "<group>"; };
		FB3204D725F4F9A2000C82A3 /* AuthViewController.swift */ = {isa = PBXFileReference; lastKnownFileType = sourcecode.swift; path = AuthViewController.swift; sourceTree = "<group>"; };
		FB3204DB25F4F9B1000C82A3 /* WelcomeViewController.swift */ = {isa = PBXFileReference; lastKnownFileType = sourcecode.swift; path = WelcomeViewController.swift; sourceTree = "<group>"; };
		FB3204DE25F4F9CA000C82A3 /* SettingsViewController.swift */ = {isa = PBXFileReference; lastKnownFileType = sourcecode.swift; path = SettingsViewController.swift; sourceTree = "<group>"; };
		FB3204E125F4F9D4000C82A3 /* ProfileViewController.swift */ = {isa = PBXFileReference; lastKnownFileType = sourcecode.swift; path = ProfileViewController.swift; sourceTree = "<group>"; };
		FB3204E425F4F9DF000C82A3 /* PlayerViewController.swift */ = {isa = PBXFileReference; lastKnownFileType = sourcecode.swift; path = PlayerViewController.swift; sourceTree = "<group>"; };
		FB3204E725F4F9EE000C82A3 /* PlaylistViewController.swift */ = {isa = PBXFileReference; lastKnownFileType = sourcecode.swift; path = PlaylistViewController.swift; sourceTree = "<group>"; };
		FB3204EA25F4FA14000C82A3 /* SearchResultsViewController.swift */ = {isa = PBXFileReference; lastKnownFileType = sourcecode.swift; path = SearchResultsViewController.swift; sourceTree = "<group>"; };
		FB3204EE25F4FA3C000C82A3 /* AuthManager.swift */ = {isa = PBXFileReference; lastKnownFileType = sourcecode.swift; path = AuthManager.swift; sourceTree = "<group>"; };
		FB3204F125F4FA4C000C82A3 /* APICaller.swift */ = {isa = PBXFileReference; lastKnownFileType = sourcecode.swift; path = APICaller.swift; sourceTree = "<group>"; };
		FB3204F425F4FA5E000C82A3 /* HapticsManager.swift */ = {isa = PBXFileReference; lastKnownFileType = sourcecode.swift; path = HapticsManager.swift; sourceTree = "<group>"; };
		FB3204F725F4FA7C000C82A3 /* Playlist.swift */ = {isa = PBXFileReference; lastKnownFileType = sourcecode.swift; path = Playlist.swift; sourceTree = "<group>"; };
		FB3204FA25F4FA8C000C82A3 /* AudioTrack.swift */ = {isa = PBXFileReference; lastKnownFileType = sourcecode.swift; path = AudioTrack.swift; sourceTree = "<group>"; };
		FB3204FD25F4FA94000C82A3 /* Artist.swift */ = {isa = PBXFileReference; lastKnownFileType = sourcecode.swift; path = Artist.swift; sourceTree = "<group>"; };
		FB32050025F4FAA0000C82A3 /* UserProfile.swift */ = {isa = PBXFileReference; lastKnownFileType = sourcecode.swift; path = UserProfile.swift; sourceTree = "<group>"; };
		FBD3E03B25FCD0110035BDC1 /* Extensions.swift */ = {isa = PBXFileReference; lastKnownFileType = sourcecode.swift; path = Extensions.swift; sourceTree = "<group>"; };
		FBD3E03E25FDE32E0035BDC1 /* AuthResponse.swift */ = {isa = PBXFileReference; lastKnownFileType = sourcecode.swift; path = AuthResponse.swift; sourceTree = "<group>"; };
		FBDE02AB262AF095003CA5D4 /* NewReleasesResponse.swift */ = {isa = PBXFileReference; lastKnownFileType = sourcecode.swift; path = NewReleasesResponse.swift; sourceTree = "<group>"; };
		FBDE02AE262AF215003CA5D4 /* APIImage.swift */ = {isa = PBXFileReference; lastKnownFileType = sourcecode.swift; path = APIImage.swift; sourceTree = "<group>"; };
		FBDE02B2262AF8BF003CA5D4 /* FeaturedPlaylistsResponse.swift */ = {isa = PBXFileReference; lastKnownFileType = sourcecode.swift; path = FeaturedPlaylistsResponse.swift; sourceTree = "<group>"; };
		FBDE02B5262B0372003CA5D4 /* RecommendedGenresResponse.swift */ = {isa = PBXFileReference; lastKnownFileType = sourcecode.swift; path = RecommendedGenresResponse.swift; sourceTree = "<group>"; };
		FBDE02B8262B0816003CA5D4 /* RecommendationsResponse.swift */ = {isa = PBXFileReference; lastKnownFileType = sourcecode.swift; path = RecommendationsResponse.swift; sourceTree = "<group>"; };
		FBDE02BC262D8588003CA5D4 /* NewReleaseCollectionViewCell.swift */ = {isa = PBXFileReference; lastKnownFileType = sourcecode.swift; path = NewReleaseCollectionViewCell.swift; sourceTree = "<group>"; };
		FBDE02C0262D85C4003CA5D4 /* FeaturedPlaylistCollectionViewCell.swift */ = {isa = PBXFileReference; lastKnownFileType = sourcecode.swift; path = FeaturedPlaylistCollectionViewCell.swift; sourceTree = "<group>"; };
		FBDE02C3262D85EC003CA5D4 /* RecommendedTrackCollectionViewCell.swift */ = {isa = PBXFileReference; lastKnownFileType = sourcecode.swift; path = RecommendedTrackCollectionViewCell.swift; sourceTree = "<group>"; };
		FBDE02C6262DA032003CA5D4 /* NewReleasesCellViewModel.swift */ = {isa = PBXFileReference; lastKnownFileType = sourcecode.swift; path = NewReleasesCellViewModel.swift; sourceTree = "<group>"; };
		FBDE02D7262E8BAE003CA5D4 /* FeaturedPlaylistCellViewModel.swift */ = {isa = PBXFileReference; lastKnownFileType = sourcecode.swift; path = FeaturedPlaylistCellViewModel.swift; sourceTree = "<group>"; };
		FBDE02DA262E8BF4003CA5D4 /* RecommendedTrackCellViewModel.swift */ = {isa = PBXFileReference; lastKnownFileType = sourcecode.swift; path = RecommendedTrackCellViewModel.swift; sourceTree = "<group>"; };
		FBF099A82619F17100B3E111 /* SettingsModels.swift */ = {isa = PBXFileReference; lastKnownFileType = sourcecode.swift; path = SettingsModels.swift; sourceTree = "<group>"; };
/* End PBXFileReference section */

/* Begin PBXFrameworksBuildPhase section */
		FB3204A725F4F2AB000C82A3 /* Frameworks */ = {
			isa = PBXFrameworksBuildPhase;
			buildActionMask = 2147483647;
			files = (
				2DE2C8048DB94B23F25EF8BA /* Pods_Spotify.framework in Frameworks */,
			);
			runOnlyForDeploymentPostprocessing = 0;
		};
/* End PBXFrameworksBuildPhase section */

/* Begin PBXGroup section */
		774F0D9CE2755DD8A895C60D /* Frameworks */ = {
			isa = PBXGroup;
			children = (
				F8D422151CD9F94AE58ED8EA /* Pods_Spotify.framework */,
			);
			name = Frameworks;
			sourceTree = "<group>";
		};
		EF66B75A187EC1E207B29B74 /* Pods */ = {
			isa = PBXGroup;
			children = (
				007F070BE985454FAE60DDA0 /* Pods-Spotify.debug.xcconfig */,
				0F31C9E9E027ABC78583B7B8 /* Pods-Spotify.release.xcconfig */,
			);
			path = Pods;
			sourceTree = "<group>";
		};
		FB3204A125F4F2AB000C82A3 = {
			isa = PBXGroup;
			children = (
				FB3204AC25F4F2AB000C82A3 /* Spotify */,
				FB3204AB25F4F2AB000C82A3 /* Products */,
				EF66B75A187EC1E207B29B74 /* Pods */,
				774F0D9CE2755DD8A895C60D /* Frameworks */,
			);
			sourceTree = "<group>";
		};
		FB3204AB25F4F2AB000C82A3 /* Products */ = {
			isa = PBXGroup;
			children = (
				FB3204AA25F4F2AB000C82A3 /* Spotify.app */,
			);
			name = Products;
			sourceTree = "<group>";
		};
		FB3204AC25F4F2AB000C82A3 /* Spotify */ = {
			isa = PBXGroup;
			children = (
				FB3204C725F4F328000C82A3 /* Resources */,
				FB3204C625F4F315000C82A3 /* Managers */,
				FB3204C525F4F301000C82A3 /* ViewModels */,
				FB3204C425F4F2F9000C82A3 /* Models */,
				FB3204C325F4F2F4000C82A3 /* Views */,
				FB3204C225F4F2EB000C82A3 /* Controllers */,
				FB3204BB25F4F2AC000C82A3 /* Info.plist */,
			);
			path = Spotify;
			sourceTree = "<group>";
		};
		FB3204C225F4F2EB000C82A3 /* Controllers */ = {
			isa = PBXGroup;
			children = (
				FB3204D425F4F980000C82A3 /* Core */,
				FB3204D625F4F990000C82A3 /* Other */,
			);
			path = Controllers;
			sourceTree = "<group>";
		};
		FB3204C325F4F2F4000C82A3 /* Views */ = {
			isa = PBXGroup;
			children = (
				FBDE02BB262D8555003CA5D4 /* Browse */,
				FB3204B825F4F2AC000C82A3 /* LaunchScreen.storyboard */,
				FB07A34E2634556900E8461D /* PlaylistHeaderCollectionReusableView.swift */,
				FB07A3592635326D00E8461D /* TitleHeaderCollectionReusableView.swift */,
				FB07A35D26353AAE00E8461D /* AlbumTrackCollectionViewCell.swift */,
				FB306BD926356A45004203C7 /* GenreCollectionViewCell.swift */,
			);
			path = Views;
			sourceTree = "<group>";
		};
		FB3204C425F4F2F9000C82A3 /* Models */ = {
			isa = PBXGroup;
			children = (
				FB3204F725F4FA7C000C82A3 /* Playlist.swift */,
				FB3204FA25F4FA8C000C82A3 /* AudioTrack.swift */,
				FB3204FD25F4FA94000C82A3 /* Artist.swift */,
				FB32050025F4FAA0000C82A3 /* UserProfile.swift */,
				FBD3E03E25FDE32E0035BDC1 /* AuthResponse.swift */,
				FBF099A82619F17100B3E111 /* SettingsModels.swift */,
				FBDE02AB262AF095003CA5D4 /* NewReleasesResponse.swift */,
				FBDE02AE262AF215003CA5D4 /* APIImage.swift */,
				FBDE02B2262AF8BF003CA5D4 /* FeaturedPlaylistsResponse.swift */,
				FBDE02B5262B0372003CA5D4 /* RecommendedGenresResponse.swift */,
				FBDE02B8262B0816003CA5D4 /* RecommendationsResponse.swift */,
				FB07A34726313C2D00E8461D /* AlbumDetailsResponse.swift */,
				FB07A34B2631450800E8461D /* PlaylistDetailsResponse.swift */,
			);
			path = Models;
			sourceTree = "<group>";
		};
		FB3204C525F4F301000C82A3 /* ViewModels */ = {
			isa = PBXGroup;
			children = (
				FBDE02C6262DA032003CA5D4 /* NewReleasesCellViewModel.swift */,
				FBDE02D7262E8BAE003CA5D4 /* FeaturedPlaylistCellViewModel.swift */,
				FBDE02DA262E8BF4003CA5D4 /* RecommendedTrackCellViewModel.swift */,
				FB07A3562634597800E8461D /* PlaylistHeaderViewViewModel.swift */,
				FB07A36126353CB100E8461D /* AlbumCollectionViewCellViewModel.swift */,
			);
			path = ViewModels;
			sourceTree = "<group>";
		};
		FB3204C625F4F315000C82A3 /* Managers */ = {
			isa = PBXGroup;
			children = (
				FB3204EE25F4FA3C000C82A3 /* AuthManager.swift */,
				FB3204F125F4FA4C000C82A3 /* APICaller.swift */,
				FB3204F425F4FA5E000C82A3 /* HapticsManager.swift */,
			);
			path = Managers;
			sourceTree = "<group>";
		};
		FB3204C725F4F328000C82A3 /* Resources */ = {
			isa = PBXGroup;
			children = (
				FB3204B625F4F2AC000C82A3 /* Assets.xcassets */,
				FB3204AD25F4F2AB000C82A3 /* AppDelegate.swift */,
				FB3204AF25F4F2AB000C82A3 /* SceneDelegate.swift */,
				FBD3E03B25FCD0110035BDC1 /* Extensions.swift */,
			);
			path = Resources;
			sourceTree = "<group>";
		};
		FB3204D425F4F980000C82A3 /* Core */ = {
			isa = PBXGroup;
			children = (
				FB3204CA25F4F91F000C82A3 /* TabBarViewController.swift */,
				FB3204B125F4F2AB000C82A3 /* HomeViewController.swift */,
				FB3204CE25F4F963000C82A3 /* SearchViewController.swift */,
				FB3204D125F4F972000C82A3 /* LibraryViewController.swift */,
			);
			path = Core;
			sourceTree = "<group>";
		};
		FB3204D625F4F990000C82A3 /* Other */ = {
			isa = PBXGroup;
			children = (
				FB3204D725F4F9A2000C82A3 /* AuthViewController.swift */,
				FB3204DB25F4F9B1000C82A3 /* WelcomeViewController.swift */,
				FB3204DE25F4F9CA000C82A3 /* SettingsViewController.swift */,
				FB3204E125F4F9D4000C82A3 /* ProfileViewController.swift */,
				FB3204E425F4F9DF000C82A3 /* PlayerViewController.swift */,
				FB3204EA25F4FA14000C82A3 /* SearchResultsViewController.swift */,
				FB07A3352631346E00E8461D /* AlbumViewController.swift */,
				FB3204E725F4F9EE000C82A3 /* PlaylistViewController.swift */,
			);
			path = Other;
			sourceTree = "<group>";
		};
		FBDE02BB262D8555003CA5D4 /* Browse */ = {
			isa = PBXGroup;
			children = (
				FBDE02BC262D8588003CA5D4 /* NewReleaseCollectionViewCell.swift */,
				FBDE02C0262D85C4003CA5D4 /* FeaturedPlaylistCollectionViewCell.swift */,
				FBDE02C3262D85EC003CA5D4 /* RecommendedTrackCollectionViewCell.swift */,
			);
			path = Browse;
			sourceTree = "<group>";
		};
/* End PBXGroup section */

/* Begin PBXNativeTarget section */
		FB3204A925F4F2AB000C82A3 /* Spotify */ = {
			isa = PBXNativeTarget;
			buildConfigurationList = FB3204BE25F4F2AC000C82A3 /* Build configuration list for PBXNativeTarget "Spotify" */;
			buildPhases = (
				56476A90D642C329F5555EBD /* [CP] Check Pods Manifest.lock */,
				FB3204A625F4F2AB000C82A3 /* Sources */,
				FB3204A725F4F2AB000C82A3 /* Frameworks */,
				FB3204A825F4F2AB000C82A3 /* Resources */,
				0FC8FAF6E625F478A4CB6F99 /* [CP] Embed Pods Frameworks */,
			);
			buildRules = (
			);
			dependencies = (
			);
			name = Spotify;
			productName = Spotify;
			productReference = FB3204AA25F4F2AB000C82A3 /* Spotify.app */;
			productType = "com.apple.product-type.application";
		};
/* End PBXNativeTarget section */

/* Begin PBXProject section */
		FB3204A225F4F2AB000C82A3 /* Project object */ = {
			isa = PBXProject;
			attributes = {
				LastSwiftUpdateCheck = 1240;
				LastUpgradeCheck = 1240;
				TargetAttributes = {
					FB3204A925F4F2AB000C82A3 = {
						CreatedOnToolsVersion = 12.4;
					};
				};
			};
			buildConfigurationList = FB3204A525F4F2AB000C82A3 /* Build configuration list for PBXProject "Spotify" */;
			compatibilityVersion = "Xcode 9.3";
			developmentRegion = en;
			hasScannedForEncodings = 0;
			knownRegions = (
				en,
				Base,
			);
			mainGroup = FB3204A125F4F2AB000C82A3;
			productRefGroup = FB3204AB25F4F2AB000C82A3 /* Products */;
			projectDirPath = "";
			projectRoot = "";
			targets = (
				FB3204A925F4F2AB000C82A3 /* Spotify */,
			);
		};
/* End PBXProject section */

/* Begin PBXResourcesBuildPhase section */
		FB3204A825F4F2AB000C82A3 /* Resources */ = {
			isa = PBXResourcesBuildPhase;
			buildActionMask = 2147483647;
			files = (
				FB3204BA25F4F2AC000C82A3 /* LaunchScreen.storyboard in Resources */,
				FB3204B725F4F2AC000C82A3 /* Assets.xcassets in Resources */,
			);
			runOnlyForDeploymentPostprocessing = 0;
		};
/* End PBXResourcesBuildPhase section */

/* Begin PBXShellScriptBuildPhase section */
		0FC8FAF6E625F478A4CB6F99 /* [CP] Embed Pods Frameworks */ = {
			isa = PBXShellScriptBuildPhase;
			buildActionMask = 2147483647;
			files = (
			);
			inputFileListPaths = (
				"${PODS_ROOT}/Target Support Files/Pods-Spotify/Pods-Spotify-frameworks-${CONFIGURATION}-input-files.xcfilelist",
			);
			name = "[CP] Embed Pods Frameworks";
			outputFileListPaths = (
				"${PODS_ROOT}/Target Support Files/Pods-Spotify/Pods-Spotify-frameworks-${CONFIGURATION}-output-files.xcfilelist",
			);
			runOnlyForDeploymentPostprocessing = 0;
			shellPath = /bin/sh;
			shellScript = "\"${PODS_ROOT}/Target Support Files/Pods-Spotify/Pods-Spotify-frameworks.sh\"\n";
			showEnvVarsInLog = 0;
		};
		56476A90D642C329F5555EBD /* [CP] Check Pods Manifest.lock */ = {
			isa = PBXShellScriptBuildPhase;
			buildActionMask = 2147483647;
			files = (
			);
			inputFileListPaths = (
			);
			inputPaths = (
				"${PODS_PODFILE_DIR_PATH}/Podfile.lock",
				"${PODS_ROOT}/Manifest.lock",
			);
			name = "[CP] Check Pods Manifest.lock";
			outputFileListPaths = (
			);
			outputPaths = (
				"$(DERIVED_FILE_DIR)/Pods-Spotify-checkManifestLockResult.txt",
			);
			runOnlyForDeploymentPostprocessing = 0;
			shellPath = /bin/sh;
			shellScript = "diff \"${PODS_PODFILE_DIR_PATH}/Podfile.lock\" \"${PODS_ROOT}/Manifest.lock\" > /dev/null\nif [ $? != 0 ] ; then\n    # print error to STDERR\n    echo \"error: The sandbox is not in sync with the Podfile.lock. Run 'pod install' or update your CocoaPods installation.\" >&2\n    exit 1\nfi\n# This output is used by Xcode 'outputs' to avoid re-running this script phase.\necho \"SUCCESS\" > \"${SCRIPT_OUTPUT_FILE_0}\"\n";
			showEnvVarsInLog = 0;
		};
/* End PBXShellScriptBuildPhase section */

/* Begin PBXSourcesBuildPhase section */
		FB3204A625F4F2AB000C82A3 /* Sources */ = {
			isa = PBXSourcesBuildPhase;
			buildActionMask = 2147483647;
			files = (
				FB3204CF25F4F963000C82A3 /* SearchViewController.swift in Sources */,
				FB07A34C2631450800E8461D /* PlaylistDetailsResponse.swift in Sources */,
				FB3204F825F4FA7C000C82A3 /* Playlist.swift in Sources */,
				FB3204EF25F4FA3C000C82A3 /* AuthManager.swift in Sources */,
				FBDE02C7262DA032003CA5D4 /* NewReleasesCellViewModel.swift in Sources */,
				FB07A36226353CB100E8461D /* AlbumCollectionViewCellViewModel.swift in Sources */,
				FBDE02DB262E8BF4003CA5D4 /* RecommendedTrackCellViewModel.swift in Sources */,
				FB3204EB25F4FA14000C82A3 /* SearchResultsViewController.swift in Sources */,
				FB07A35A2635326D00E8461D /* TitleHeaderCollectionReusableView.swift in Sources */,
				FB07A3362631346E00E8461D /* AlbumViewController.swift in Sources */,
				FB07A3572634597800E8461D /* PlaylistHeaderViewViewModel.swift in Sources */,
				FBDE02D8262E8BAE003CA5D4 /* FeaturedPlaylistCellViewModel.swift in Sources */,
				FB3204DC25F4F9B1000C82A3 /* WelcomeViewController.swift in Sources */,
				FB3204E225F4F9D4000C82A3 /* ProfileViewController.swift in Sources */,
				FB3204CB25F4F91F000C82A3 /* TabBarViewController.swift in Sources */,
				FB3204F525F4FA5E000C82A3 /* HapticsManager.swift in Sources */,
				FBDE02C4262D85EC003CA5D4 /* RecommendedTrackCollectionViewCell.swift in Sources */,
				FBD3E03F25FDE32E0035BDC1 /* AuthResponse.swift in Sources */,
				FB306BDA26356A45004203C7 /* GenreCollectionViewCell.swift in Sources */,
				FBDE02AC262AF095003CA5D4 /* NewReleasesResponse.swift in Sources */,
				FBDE02AF262AF215003CA5D4 /* APIImage.swift in Sources */,
				FB07A35E26353AAE00E8461D /* AlbumTrackCollectionViewCell.swift in Sources */,
				FBDE02B9262B0816003CA5D4 /* RecommendationsResponse.swift in Sources */,
				FB3204FB25F4FA8C000C82A3 /* AudioTrack.swift in Sources */,
				FB3204B225F4F2AB000C82A3 /* HomeViewController.swift in Sources */,
				FBDE02BD262D8588003CA5D4 /* NewReleaseCollectionViewCell.swift in Sources */,
				FB3204D825F4F9A2000C82A3 /* AuthViewController.swift in Sources */,
				FBDE02C1262D85C4003CA5D4 /* FeaturedPlaylistCollectionViewCell.swift in Sources */,
				FB3204AE25F4F2AB000C82A3 /* AppDelegate.swift in Sources */,
				FB32050125F4FAA0000C82A3 /* UserProfile.swift in Sources */,
				FBD3E03C25FCD0110035BDC1 /* Extensions.swift in Sources */,
				FB07A34F2634556900E8461D /* PlaylistHeaderCollectionReusableView.swift in Sources */,
				FB3204D225F4F972000C82A3 /* LibraryViewController.swift in Sources */,
				FB3204FE25F4FA94000C82A3 /* Artist.swift in Sources */,
				FBF099A92619F17100B3E111 /* SettingsModels.swift in Sources */,
				FB3204E825F4F9EE000C82A3 /* PlaylistViewController.swift in Sources */,
				FB3204B025F4F2AB000C82A3 /* SceneDelegate.swift in Sources */,
				FB3204E525F4F9DF000C82A3 /* PlayerViewController.swift in Sources */,
				FB07A34826313C2D00E8461D /* AlbumDetailsResponse.swift in Sources */,
				FB3204F225F4FA4C000C82A3 /* APICaller.swift in Sources */,
				FBDE02B3262AF8BF003CA5D4 /* FeaturedPlaylistsResponse.swift in Sources */,
				FB3204DF25F4F9CA000C82A3 /* SettingsViewController.swift in Sources */,
				FBDE02B6262B0372003CA5D4 /* RecommendedGenresResponse.swift in Sources */,
			);
			runOnlyForDeploymentPostprocessing = 0;
		};
/* End PBXSourcesBuildPhase section */

/* Begin PBXVariantGroup section */
		FB3204B825F4F2AC000C82A3 /* LaunchScreen.storyboard */ = {
			isa = PBXVariantGroup;
			children = (
				FB3204B925F4F2AC000C82A3 /* Base */,
			);
			name = LaunchScreen.storyboard;
			sourceTree = "<group>";
		};
/* End PBXVariantGroup section */

/* Begin XCBuildConfiguration section */
		FB3204BC25F4F2AC000C82A3 /* Debug */ = {
			isa = XCBuildConfiguration;
			buildSettings = {
				ALWAYS_SEARCH_USER_PATHS = NO;
				CLANG_ANALYZER_NONNULL = YES;
				CLANG_ANALYZER_NUMBER_OBJECT_CONVERSION = YES_AGGRESSIVE;
				CLANG_CXX_LANGUAGE_STANDARD = "gnu++14";
				CLANG_CXX_LIBRARY = "libc++";
				CLANG_ENABLE_MODULES = YES;
				CLANG_ENABLE_OBJC_ARC = YES;
				CLANG_ENABLE_OBJC_WEAK = YES;
				CLANG_WARN_BLOCK_CAPTURE_AUTORELEASING = YES;
				CLANG_WARN_BOOL_CONVERSION = YES;
				CLANG_WARN_COMMA = YES;
				CLANG_WARN_CONSTANT_CONVERSION = YES;
				CLANG_WARN_DEPRECATED_OBJC_IMPLEMENTATIONS = YES;
				CLANG_WARN_DIRECT_OBJC_ISA_USAGE = YES_ERROR;
				CLANG_WARN_DOCUMENTATION_COMMENTS = YES;
				CLANG_WARN_EMPTY_BODY = YES;
				CLANG_WARN_ENUM_CONVERSION = YES;
				CLANG_WARN_INFINITE_RECURSION = YES;
				CLANG_WARN_INT_CONVERSION = YES;
				CLANG_WARN_NON_LITERAL_NULL_CONVERSION = YES;
				CLANG_WARN_OBJC_IMPLICIT_RETAIN_SELF = YES;
				CLANG_WARN_OBJC_LITERAL_CONVERSION = YES;
				CLANG_WARN_OBJC_ROOT_CLASS = YES_ERROR;
				CLANG_WARN_QUOTED_INCLUDE_IN_FRAMEWORK_HEADER = YES;
				CLANG_WARN_RANGE_LOOP_ANALYSIS = YES;
				CLANG_WARN_STRICT_PROTOTYPES = YES;
				CLANG_WARN_SUSPICIOUS_MOVE = YES;
				CLANG_WARN_UNGUARDED_AVAILABILITY = YES_AGGRESSIVE;
				CLANG_WARN_UNREACHABLE_CODE = YES;
				CLANG_WARN__DUPLICATE_METHOD_MATCH = YES;
				COPY_PHASE_STRIP = NO;
				DEBUG_INFORMATION_FORMAT = dwarf;
				ENABLE_STRICT_OBJC_MSGSEND = YES;
				ENABLE_TESTABILITY = YES;
				GCC_C_LANGUAGE_STANDARD = gnu11;
				GCC_DYNAMIC_NO_PIC = NO;
				GCC_NO_COMMON_BLOCKS = YES;
				GCC_OPTIMIZATION_LEVEL = 0;
				GCC_PREPROCESSOR_DEFINITIONS = (
					"DEBUG=1",
					"$(inherited)",
				);
				GCC_WARN_64_TO_32_BIT_CONVERSION = YES;
				GCC_WARN_ABOUT_RETURN_TYPE = YES_ERROR;
				GCC_WARN_UNDECLARED_SELECTOR = YES;
				GCC_WARN_UNINITIALIZED_AUTOS = YES_AGGRESSIVE;
				GCC_WARN_UNUSED_FUNCTION = YES;
				GCC_WARN_UNUSED_VARIABLE = YES;
				IPHONEOS_DEPLOYMENT_TARGET = 14.4;
				MTL_ENABLE_DEBUG_INFO = INCLUDE_SOURCE;
				MTL_FAST_MATH = YES;
				ONLY_ACTIVE_ARCH = YES;
				SDKROOT = iphoneos;
				SWIFT_ACTIVE_COMPILATION_CONDITIONS = DEBUG;
				SWIFT_OPTIMIZATION_LEVEL = "-Onone";
			};
			name = Debug;
		};
		FB3204BD25F4F2AC000C82A3 /* Release */ = {
			isa = XCBuildConfiguration;
			buildSettings = {
				ALWAYS_SEARCH_USER_PATHS = NO;
				CLANG_ANALYZER_NONNULL = YES;
				CLANG_ANALYZER_NUMBER_OBJECT_CONVERSION = YES_AGGRESSIVE;
				CLANG_CXX_LANGUAGE_STANDARD = "gnu++14";
				CLANG_CXX_LIBRARY = "libc++";
				CLANG_ENABLE_MODULES = YES;
				CLANG_ENABLE_OBJC_ARC = YES;
				CLANG_ENABLE_OBJC_WEAK = YES;
				CLANG_WARN_BLOCK_CAPTURE_AUTORELEASING = YES;
				CLANG_WARN_BOOL_CONVERSION = YES;
				CLANG_WARN_COMMA = YES;
				CLANG_WARN_CONSTANT_CONVERSION = YES;
				CLANG_WARN_DEPRECATED_OBJC_IMPLEMENTATIONS = YES;
				CLANG_WARN_DIRECT_OBJC_ISA_USAGE = YES_ERROR;
				CLANG_WARN_DOCUMENTATION_COMMENTS = YES;
				CLANG_WARN_EMPTY_BODY = YES;
				CLANG_WARN_ENUM_CONVERSION = YES;
				CLANG_WARN_INFINITE_RECURSION = YES;
				CLANG_WARN_INT_CONVERSION = YES;
				CLANG_WARN_NON_LITERAL_NULL_CONVERSION = YES;
				CLANG_WARN_OBJC_IMPLICIT_RETAIN_SELF = YES;
				CLANG_WARN_OBJC_LITERAL_CONVERSION = YES;
				CLANG_WARN_OBJC_ROOT_CLASS = YES_ERROR;
				CLANG_WARN_QUOTED_INCLUDE_IN_FRAMEWORK_HEADER = YES;
				CLANG_WARN_RANGE_LOOP_ANALYSIS = YES;
				CLANG_WARN_STRICT_PROTOTYPES = YES;
				CLANG_WARN_SUSPICIOUS_MOVE = YES;
				CLANG_WARN_UNGUARDED_AVAILABILITY = YES_AGGRESSIVE;
				CLANG_WARN_UNREACHABLE_CODE = YES;
				CLANG_WARN__DUPLICATE_METHOD_MATCH = YES;
				COPY_PHASE_STRIP = NO;
				DEBUG_INFORMATION_FORMAT = "dwarf-with-dsym";
				ENABLE_NS_ASSERTIONS = NO;
				ENABLE_STRICT_OBJC_MSGSEND = YES;
				GCC_C_LANGUAGE_STANDARD = gnu11;
				GCC_NO_COMMON_BLOCKS = YES;
				GCC_WARN_64_TO_32_BIT_CONVERSION = YES;
				GCC_WARN_ABOUT_RETURN_TYPE = YES_ERROR;
				GCC_WARN_UNDECLARED_SELECTOR = YES;
				GCC_WARN_UNINITIALIZED_AUTOS = YES_AGGRESSIVE;
				GCC_WARN_UNUSED_FUNCTION = YES;
				GCC_WARN_UNUSED_VARIABLE = YES;
				IPHONEOS_DEPLOYMENT_TARGET = 14.4;
				MTL_ENABLE_DEBUG_INFO = NO;
				MTL_FAST_MATH = YES;
				SDKROOT = iphoneos;
				SWIFT_COMPILATION_MODE = wholemodule;
				SWIFT_OPTIMIZATION_LEVEL = "-O";
				VALIDATE_PRODUCT = YES;
			};
			name = Release;
		};
		FB3204BF25F4F2AC000C82A3 /* Debug */ = {
			isa = XCBuildConfiguration;
			baseConfigurationReference = 007F070BE985454FAE60DDA0 /* Pods-Spotify.debug.xcconfig */;
			buildSettings = {
				ASSETCATALOG_COMPILER_APPICON_NAME = AppIcon;
				ASSETCATALOG_COMPILER_GLOBAL_ACCENT_COLOR_NAME = AccentColor;
				CODE_SIGN_STYLE = Automatic;
				INFOPLIST_FILE = Spotify/Info.plist;
				IPHONEOS_DEPLOYMENT_TARGET = 13.0;
				LD_RUNPATH_SEARCH_PATHS = (
					"$(inherited)",
					"@executable_path/Frameworks",
				);
				PRODUCT_BUNDLE_IDENTIFIER = "com.evel-devel.Spotify";
				PRODUCT_NAME = "$(TARGET_NAME)";
				SWIFT_VERSION = 5.0;
				TARGETED_DEVICE_FAMILY = "1,2";
			};
			name = Debug;
		};
		FB3204C025F4F2AC000C82A3 /* Release */ = {
			isa = XCBuildConfiguration;
			baseConfigurationReference = 0F31C9E9E027ABC78583B7B8 /* Pods-Spotify.release.xcconfig */;
			buildSettings = {
				ASSETCATALOG_COMPILER_APPICON_NAME = AppIcon;
				ASSETCATALOG_COMPILER_GLOBAL_ACCENT_COLOR_NAME = AccentColor;
				CODE_SIGN_STYLE = Automatic;
				INFOPLIST_FILE = Spotify/Info.plist;
				IPHONEOS_DEPLOYMENT_TARGET = 13.0;
				LD_RUNPATH_SEARCH_PATHS = (
					"$(inherited)",
					"@executable_path/Frameworks",
				);
				PRODUCT_BUNDLE_IDENTIFIER = "com.evel-devel.Spotify";
				PRODUCT_NAME = "$(TARGET_NAME)";
				SWIFT_VERSION = 5.0;
				TARGETED_DEVICE_FAMILY = "1,2";
			};
			name = Release;
		};
/* End XCBuildConfiguration section */

/* Begin XCConfigurationList section */
		FB3204A525F4F2AB000C82A3 /* Build configuration list for PBXProject "Spotify" */ = {
			isa = XCConfigurationList;
			buildConfigurations = (
				FB3204BC25F4F2AC000C82A3 /* Debug */,
				FB3204BD25F4F2AC000C82A3 /* Release */,
			);
			defaultConfigurationIsVisible = 0;
			defaultConfigurationName = Release;
		};
		FB3204BE25F4F2AC000C82A3 /* Build configuration list for PBXNativeTarget "Spotify" */ = {
			isa = XCConfigurationList;
			buildConfigurations = (
				FB3204BF25F4F2AC000C82A3 /* Debug */,
				FB3204C025F4F2AC000C82A3 /* Release */,
			);
			defaultConfigurationIsVisible = 0;
			defaultConfigurationName = Release;
		};
/* End XCConfigurationList section */
	};
	rootObject = FB3204A225F4F2AB000C82A3 /* Project object */;
}
